
Microsoft Visual Studio Solution File, Format Version 12.00
# Visual Studio 14
VisualStudioVersion = 14.0.25420.1
MinimumVisualStudioVersion = 10.0.40219.1
Project("{F184B08F-C81C-45F6-A57F-5ABD9991F28F}") = "ProyectoGarza", "ProyectoGarza\ProyectoGarza.vbproj", "{0AC4D4D1-41FD-462A-873D-A77EF323B089}"
EndProject
Project("{F184B08F-C81C-45F6-A57F-5ABD9991F28F}") = "ProyectoGarza2", "WindowsApplication1\ProyectoGarza2.vbproj", "{B7863B76-73FE-4E83-A558-D1AE5C4EBD52}"
EndProject
Global
	GlobalSection(SolutionConfigurationPlatforms) = preSolution
		Debug|Any CPU = Debug|Any CPU
		Release|Any CPU = Release|Any CPU
	EndGlobalSection
	GlobalSection(ProjectConfigurationPlatforms) = postSolution
		{0AC4D4D1-41FD-462A-873D-A77EF323B089}.Debug|Any CPU.ActiveCfg = Debug|Any CPU
		{0AC4D4D1-41FD-462A-873D-A77EF323B089}.Debug|Any CPU.Build.0 = Debug|Any CPU
		{0AC4D4D1-41FD-462A-873D-A77EF323B089}.Release|Any CPU.ActiveCfg = Release|Any CPU
		{0AC4D4D1-41FD-462A-873D-A77EF323B089}.Release|Any CPU.Build.0 = Release|Any CPU
		{B7863B76-73FE-4E83-A558-D1AE5C4EBD52}.Debug|Any CPU.ActiveCfg = Debug|Any CPU
		{B7863B76-73FE-4E83-A558-D1AE5C4EBD52}.Debug|Any CPU.Build.0 = Debug|Any CPU
		{B7863B76-73FE-4E83-A558-D1AE5C4EBD52}.Release|Any CPU.ActiveCfg = Release|Any CPU
		{B7863B76-73FE-4E83-A558-D1AE5C4EBD52}.Release|Any CPU.Build.0 = Release|Any CPU
	EndGlobalSection
	GlobalSection(SolutionProperties) = preSolution
		HideSolutionNode = FALSE
	EndGlobalSection
EndGlobal
